// !$*UTF8*$!
{
	archiveVersion = 1;
	classes = {
	};
	objectVersion = 46;
	objects = {

/* Begin PBXBuildFile section */
		D49AB4E41A86CC1C00864398 /* main.m in Sources */ = {isa = PBXBuildFile; fileRef = D49AB4E31A86CC1C00864398 /* main.m */; };
		D49AB4E71A86CC1C00864398 /* AppDelegate.m in Sources */ = {isa = PBXBuildFile; fileRef = D49AB4E61A86CC1C00864398 /* AppDelegate.m */; };
		D49AB4EA1A86CC1C00864398 /* ViewController.m in Sources */ = {isa = PBXBuildFile; fileRef = D49AB4E91A86CC1C00864398 /* ViewController.m */; };
		D49AB4ED1A86CC1C00864398 /* Main.storyboard in Resources */ = {isa = PBXBuildFile; fileRef = D49AB4EB1A86CC1C00864398 /* Main.storyboard */; };
		D49AB4EF1A86CC1C00864398 /* Images.xcassets in Resources */ = {isa = PBXBuildFile; fileRef = D49AB4EE1A86CC1C00864398 /* Images.xcassets */; };
		D49AB4F21A86CC1C00864398 /* LaunchScreen.xib in Resources */ = {isa = PBXBuildFile; fileRef = D49AB4F01A86CC1C00864398 /* LaunchScreen.xib */; };
		D49AB4FE1A86CC1C00864398 /* SplitTests.m in Sources */ = {isa = PBXBuildFile; fileRef = D49AB4FD1A86CC1C00864398 /* SplitTests.m */; };
		D49AB50C1A86CCA000864398 /* AudioToolbox.framework in Frameworks */ = {isa = PBXBuildFile; fileRef = D49AB50B1A86CCA000864398 /* AudioToolbox.framework */; };
		D49AB50E1A86CCA400864398 /* CFNetwork.framework in Frameworks */ = {isa = PBXBuildFile; fileRef = D49AB50D1A86CCA400864398 /* CFNetwork.framework */; };
		D49AB5101A86CCA900864398 /* CoreGraphics.framework in Frameworks */ = {isa = PBXBuildFile; fileRef = D49AB50F1A86CCA900864398 /* CoreGraphics.framework */; };
		D49AB5121A86CCAD00864398 /* CoreLocation.framework in Frameworks */ = {isa = PBXBuildFile; fileRef = D49AB5111A86CCAD00864398 /* CoreLocation.framework */; };
		D49AB5141A86CCB100864398 /* MobileCoreServices.framework in Frameworks */ = {isa = PBXBuildFile; fileRef = D49AB5131A86CCB100864398 /* MobileCoreServices.framework */; };
		D49AB5161A86CCB600864398 /* QuartzCore.framework in Frameworks */ = {isa = PBXBuildFile; fileRef = D49AB5151A86CCB600864398 /* QuartzCore.framework */; };
		D49AB5181A86CCBC00864398 /* Security.framework in Frameworks */ = {isa = PBXBuildFile; fileRef = D49AB5171A86CCBC00864398 /* Security.framework */; };
		D49AB51A1A86CCC000864398 /* StoreKit.framework in Frameworks */ = {isa = PBXBuildFile; fileRef = D49AB5191A86CCC000864398 /* StoreKit.framework */; };
		D49AB51C1A86CCC700864398 /* SystemConfiguration.framework in Frameworks */ = {isa = PBXBuildFile; fileRef = D49AB51B1A86CCC700864398 /* SystemConfiguration.framework */; };
		D49AB51E1A86CCD100864398 /* libz.dylib in Frameworks */ = {isa = PBXBuildFile; fileRef = D49AB51D1A86CCD100864398 /* libz.dylib */; };
		D49AB5201A86CCD700864398 /* libsqlite3.dylib in Frameworks */ = {isa = PBXBuildFile; fileRef = D49AB51F1A86CCD700864398 /* libsqlite3.dylib */; };
		D4BEC82C1A86CEE0002B2AC2 /* Social.framework in Frameworks */ = {isa = PBXBuildFile; fileRef = D4BEC82B1A86CEE0002B2AC2 /* Social.framework */; };
		D4BEC82E1A86CF09002B2AC2 /* Accounts.framework in Frameworks */ = {isa = PBXBuildFile; fileRef = D4BEC82D1A86CF09002B2AC2 /* Accounts.framework */; };
		D4BEC8541A89A5FB002B2AC2 /* LoginViewController.m in Sources */ = {isa = PBXBuildFile; fileRef = D4BEC8531A89A5FB002B2AC2 /* LoginViewController.m */; };
		D4BEC8571A89A9AB002B2AC2 /* UserDetailsViewController.m in Sources */ = {isa = PBXBuildFile; fileRef = D4BEC8561A89A9AB002B2AC2 /* UserDetailsViewController.m */; };
		D4BEC85B1A8A9F2A002B2AC2 /* LoginViewController.xib in Resources */ = {isa = PBXBuildFile; fileRef = D4BEC8591A8A9F2A002B2AC2 /* LoginViewController.xib */; };
		D4BEC85C1A8A9F2A002B2AC2 /* TableHeaderView.xib in Resources */ = {isa = PBXBuildFile; fileRef = D4BEC85A1A8A9F2A002B2AC2 /* TableHeaderView.xib */; };
		D4BEC8661A8AA0F9002B2AC2 /* Default-568h@2x.png in Resources */ = {isa = PBXBuildFile; fileRef = D4BEC85D1A8AA0F9002B2AC2 /* Default-568h@2x.png */; };
		D4BEC8671A8AA0F9002B2AC2 /* Default.png in Resources */ = {isa = PBXBuildFile; fileRef = D4BEC85E1A8AA0F9002B2AC2 /* Default.png */; };
		D4BEC8681A8AA0F9002B2AC2 /* Default@2x.png in Resources */ = {isa = PBXBuildFile; fileRef = D4BEC85F1A8AA0F9002B2AC2 /* Default@2x.png */; };
		D4BEC8691A8AA0F9002B2AC2 /* Icon.png in Resources */ = {isa = PBXBuildFile; fileRef = D4BEC8601A8AA0F9002B2AC2 /* Icon.png */; };
		D4BEC86A1A8AA0F9002B2AC2 /* Icon@2x.png in Resources */ = {isa = PBXBuildFile; fileRef = D4BEC8611A8AA0F9002B2AC2 /* Icon@2x.png */; };
		D4BEC86B1A8AA0F9002B2AC2 /* login-button-small-pressed.png in Resources */ = {isa = PBXBuildFile; fileRef = D4BEC8621A8AA0F9002B2AC2 /* login-button-small-pressed.png */; };
		D4BEC86C1A8AA0F9002B2AC2 /* login-button-small-pressed@2x.png in Resources */ = {isa = PBXBuildFile; fileRef = D4BEC8631A8AA0F9002B2AC2 /* login-button-small-pressed@2x.png */; };
		D4BEC86D1A8AA0F9002B2AC2 /* login-button-small.png in Resources */ = {isa = PBXBuildFile; fileRef = D4BEC8641A8AA0F9002B2AC2 /* login-button-small.png */; };
		D4BEC86E1A8AA0F9002B2AC2 /* login-button-small@2x.png in Resources */ = {isa = PBXBuildFile; fileRef = D4BEC8651A8AA0F9002B2AC2 /* login-button-small@2x.png */; };
		D4BEC8701A8AA864002B2AC2 /* UserDetailsViewController.xib in Resources */ = {isa = PBXBuildFile; fileRef = D4BEC86F1A8AA864002B2AC2 /* UserDetailsViewController.xib */; };
		D4E5841D1A99A31D00078A8E /* MeallListTableTableViewController.m in Sources */ = {isa = PBXBuildFile; fileRef = D4E5841B1A99A31D00078A8E /* MeallListTableTableViewController.m */; };
		D4E5841E1A99A31D00078A8E /* MeallListTableTableViewController.xib in Resources */ = {isa = PBXBuildFile; fileRef = D4E5841C1A99A31D00078A8E /* MeallListTableTableViewController.xib */; };
		EF3862027880A7BA95D1BB8C /* libPods.a in Frameworks */ = {isa = PBXBuildFile; fileRef = 28FBB73AD9A021DDFB50E9CB /* libPods.a */; };
/* End PBXBuildFile section */

/* Begin PBXContainerItemProxy section */
		D49AB4F81A86CC1C00864398 /* PBXContainerItemProxy */ = {
			isa = PBXContainerItemProxy;
			containerPortal = D49AB4D61A86CC1C00864398 /* Project object */;
			proxyType = 1;
			remoteGlobalIDString = D49AB4DD1A86CC1C00864398;
			remoteInfo = Split;
		};
/* End PBXContainerItemProxy section */

/* Begin PBXFileReference section */
		28FBB73AD9A021DDFB50E9CB /* libPods.a */ = {isa = PBXFileReference; explicitFileType = archive.ar; includeInIndex = 0; path = libPods.a; sourceTree = BUILT_PRODUCTS_DIR; };
		6796D40A5FB4E586D2EE9C1F /* Pods.release.xcconfig */ = {isa = PBXFileReference; includeInIndex = 1; lastKnownFileType = text.xcconfig; name = Pods.release.xcconfig; path = "Pods/Target Support Files/Pods/Pods.release.xcconfig"; sourceTree = "<group>"; };
		74B47CF4B0249FAE311C0DC6 /* Pods.debug.xcconfig */ = {isa = PBXFileReference; includeInIndex = 1; lastKnownFileType = text.xcconfig; name = Pods.debug.xcconfig; path = "Pods/Target Support Files/Pods/Pods.debug.xcconfig"; sourceTree = "<group>"; };
		D49AB4DE1A86CC1C00864398 /* Split.app */ = {isa = PBXFileReference; explicitFileType = wrapper.application; includeInIndex = 0; path = Split.app; sourceTree = BUILT_PRODUCTS_DIR; };
		D49AB4E21A86CC1C00864398 /* Info.plist */ = {isa = PBXFileReference; lastKnownFileType = text.plist.xml; path = Info.plist; sourceTree = "<group>"; };
		D49AB4E31A86CC1C00864398 /* main.m */ = {isa = PBXFileReference; lastKnownFileType = sourcecode.c.objc; path = main.m; sourceTree = "<group>"; };
		D49AB4E51A86CC1C00864398 /* AppDelegate.h */ = {isa = PBXFileReference; lastKnownFileType = sourcecode.c.h; path = AppDelegate.h; sourceTree = "<group>"; };
		D49AB4E61A86CC1C00864398 /* AppDelegate.m */ = {isa = PBXFileReference; lastKnownFileType = sourcecode.c.objc; path = AppDelegate.m; sourceTree = "<group>"; };
		D49AB4E81A86CC1C00864398 /* ViewController.h */ = {isa = PBXFileReference; lastKnownFileType = sourcecode.c.h; path = ViewController.h; sourceTree = "<group>"; };
		D49AB4E91A86CC1C00864398 /* ViewController.m */ = {isa = PBXFileReference; lastKnownFileType = sourcecode.c.objc; path = ViewController.m; sourceTree = "<group>"; };
		D49AB4EC1A86CC1C00864398 /* Base */ = {isa = PBXFileReference; lastKnownFileType = file.storyboard; name = Base; path = Base.lproj/Main.storyboard; sourceTree = "<group>"; };
		D49AB4EE1A86CC1C00864398 /* Images.xcassets */ = {isa = PBXFileReference; lastKnownFileType = folder.assetcatalog; path = Images.xcassets; sourceTree = "<group>"; };
		D49AB4F11A86CC1C00864398 /* Base */ = {isa = PBXFileReference; lastKnownFileType = file.xib; name = Base; path = Base.lproj/LaunchScreen.xib; sourceTree = "<group>"; };
		D49AB4F71A86CC1C00864398 /* SplitTests.xctest */ = {isa = PBXFileReference; explicitFileType = wrapper.cfbundle; includeInIndex = 0; path = SplitTests.xctest; sourceTree = BUILT_PRODUCTS_DIR; };
		D49AB4FC1A86CC1C00864398 /* Info.plist */ = {isa = PBXFileReference; lastKnownFileType = text.plist.xml; path = Info.plist; sourceTree = "<group>"; };
		D49AB4FD1A86CC1C00864398 /* SplitTests.m */ = {isa = PBXFileReference; lastKnownFileType = sourcecode.c.objc; path = SplitTests.m; sourceTree = "<group>"; };
		D49AB50B1A86CCA000864398 /* AudioToolbox.framework */ = {isa = PBXFileReference; lastKnownFileType = wrapper.framework; name = AudioToolbox.framework; path = System/Library/Frameworks/AudioToolbox.framework; sourceTree = SDKROOT; };
		D49AB50D1A86CCA400864398 /* CFNetwork.framework */ = {isa = PBXFileReference; lastKnownFileType = wrapper.framework; name = CFNetwork.framework; path = System/Library/Frameworks/CFNetwork.framework; sourceTree = SDKROOT; };
		D49AB50F1A86CCA900864398 /* CoreGraphics.framework */ = {isa = PBXFileReference; lastKnownFileType = wrapper.framework; name = CoreGraphics.framework; path = System/Library/Frameworks/CoreGraphics.framework; sourceTree = SDKROOT; };
		D49AB5111A86CCAD00864398 /* CoreLocation.framework */ = {isa = PBXFileReference; lastKnownFileType = wrapper.framework; name = CoreLocation.framework; path = System/Library/Frameworks/CoreLocation.framework; sourceTree = SDKROOT; };
		D49AB5131A86CCB100864398 /* MobileCoreServices.framework */ = {isa = PBXFileReference; lastKnownFileType = wrapper.framework; name = MobileCoreServices.framework; path = System/Library/Frameworks/MobileCoreServices.framework; sourceTree = SDKROOT; };
		D49AB5151A86CCB600864398 /* QuartzCore.framework */ = {isa = PBXFileReference; lastKnownFileType = wrapper.framework; name = QuartzCore.framework; path = System/Library/Frameworks/QuartzCore.framework; sourceTree = SDKROOT; };
		D49AB5171A86CCBC00864398 /* Security.framework */ = {isa = PBXFileReference; lastKnownFileType = wrapper.framework; name = Security.framework; path = System/Library/Frameworks/Security.framework; sourceTree = SDKROOT; };
		D49AB5191A86CCC000864398 /* StoreKit.framework */ = {isa = PBXFileReference; lastKnownFileType = wrapper.framework; name = StoreKit.framework; path = System/Library/Frameworks/StoreKit.framework; sourceTree = SDKROOT; };
		D49AB51B1A86CCC700864398 /* SystemConfiguration.framework */ = {isa = PBXFileReference; lastKnownFileType = wrapper.framework; name = SystemConfiguration.framework; path = System/Library/Frameworks/SystemConfiguration.framework; sourceTree = SDKROOT; };
		D49AB51D1A86CCD100864398 /* libz.dylib */ = {isa = PBXFileReference; lastKnownFileType = "compiled.mach-o.dylib"; name = libz.dylib; path = usr/lib/libz.dylib; sourceTree = SDKROOT; };
		D49AB51F1A86CCD700864398 /* libsqlite3.dylib */ = {isa = PBXFileReference; lastKnownFileType = "compiled.mach-o.dylib"; name = libsqlite3.dylib; path = usr/lib/libsqlite3.dylib; sourceTree = SDKROOT; };
		D4BEC82B1A86CEE0002B2AC2 /* Social.framework */ = {isa = PBXFileReference; lastKnownFileType = wrapper.framework; name = Social.framework; path = System/Library/Frameworks/Social.framework; sourceTree = SDKROOT; };
		D4BEC82D1A86CF09002B2AC2 /* Accounts.framework */ = {isa = PBXFileReference; lastKnownFileType = wrapper.framework; name = Accounts.framework; path = System/Library/Frameworks/Accounts.framework; sourceTree = SDKROOT; };
		D4BEC8521A89A5FB002B2AC2 /* LoginViewController.h */ = {isa = PBXFileReference; fileEncoding = 4; lastKnownFileType = sourcecode.c.h; path = LoginViewController.h; sourceTree = "<group>"; };
		D4BEC8531A89A5FB002B2AC2 /* LoginViewController.m */ = {isa = PBXFileReference; fileEncoding = 4; lastKnownFileType = sourcecode.c.objc; path = LoginViewController.m; sourceTree = "<group>"; };
		D4BEC8551A89A9AB002B2AC2 /* UserDetailsViewController.h */ = {isa = PBXFileReference; fileEncoding = 4; lastKnownFileType = sourcecode.c.h; path = UserDetailsViewController.h; sourceTree = "<group>"; };
		D4BEC8561A89A9AB002B2AC2 /* UserDetailsViewController.m */ = {isa = PBXFileReference; fileEncoding = 4; lastKnownFileType = sourcecode.c.objc; path = UserDetailsViewController.m; sourceTree = "<group>"; };
		D4BEC8591A8A9F2A002B2AC2 /* LoginViewController.xib */ = {isa = PBXFileReference; fileEncoding = 4; lastKnownFileType = file.xib; path = LoginViewController.xib; sourceTree = "<group>"; };
		D4BEC85A1A8A9F2A002B2AC2 /* TableHeaderView.xib */ = {isa = PBXFileReference; fileEncoding = 4; lastKnownFileType = file.xib; path = TableHeaderView.xib; sourceTree = "<group>"; };
		D4BEC85D1A8AA0F9002B2AC2 /* Default-568h@2x.png */ = {isa = PBXFileReference; lastKnownFileType = image.png; path = "Default-568h@2x.png"; sourceTree = "<group>"; };
		D4BEC85E1A8AA0F9002B2AC2 /* Default.png */ = {isa = PBXFileReference; lastKnownFileType = image.png; path = Default.png; sourceTree = "<group>"; };
		D4BEC85F1A8AA0F9002B2AC2 /* Default@2x.png */ = {isa = PBXFileReference; lastKnownFileType = image.png; path = "Default@2x.png"; sourceTree = "<group>"; };
		D4BEC8601A8AA0F9002B2AC2 /* Icon.png */ = {isa = PBXFileReference; lastKnownFileType = image.png; path = Icon.png; sourceTree = "<group>"; };
		D4BEC8611A8AA0F9002B2AC2 /* Icon@2x.png */ = {isa = PBXFileReference; lastKnownFileType = image.png; path = "Icon@2x.png"; sourceTree = "<group>"; };
		D4BEC8621A8AA0F9002B2AC2 /* login-button-small-pressed.png */ = {isa = PBXFileReference; lastKnownFileType = image.png; path = "login-button-small-pressed.png"; sourceTree = "<group>"; };
		D4BEC8631A8AA0F9002B2AC2 /* login-button-small-pressed@2x.png */ = {isa = PBXFileReference; lastKnownFileType = image.png; path = "login-button-small-pressed@2x.png"; sourceTree = "<group>"; };
		D4BEC8641A8AA0F9002B2AC2 /* login-button-small.png */ = {isa = PBXFileReference; lastKnownFileType = image.png; path = "login-button-small.png"; sourceTree = "<group>"; };
		D4BEC8651A8AA0F9002B2AC2 /* login-button-small@2x.png */ = {isa = PBXFileReference; lastKnownFileType = image.png; path = "login-button-small@2x.png"; sourceTree = "<group>"; };
		D4BEC86F1A8AA864002B2AC2 /* UserDetailsViewController.xib */ = {isa = PBXFileReference; fileEncoding = 4; lastKnownFileType = file.xib; path = UserDetailsViewController.xib; sourceTree = "<group>"; };
		D4E5841A1A99A31D00078A8E /* MeallListTableTableViewController.h */ = {isa = PBXFileReference; fileEncoding = 4; lastKnownFileType = sourcecode.c.h; path = MeallListTableTableViewController.h; sourceTree = "<group>"; };
		D4E5841B1A99A31D00078A8E /* MeallListTableTableViewController.m */ = {isa = PBXFileReference; fileEncoding = 4; lastKnownFileType = sourcecode.c.objc; path = MeallListTableTableViewController.m; sourceTree = "<group>"; };
		D4E5841C1A99A31D00078A8E /* MeallListTableTableViewController.xib */ = {isa = PBXFileReference; fileEncoding = 4; lastKnownFileType = file.xib; name = MeallListTableTableViewController.xib; path = Split/MeallListTableTableViewController.xib; sourceTree = "<group>"; };
/* End PBXFileReference section */

/* Begin PBXFrameworksBuildPhase section */
		D49AB4DB1A86CC1C00864398 /* Frameworks */ = {
			isa = PBXFrameworksBuildPhase;
			buildActionMask = 2147483647;
			files = (
				D4BEC82E1A86CF09002B2AC2 /* Accounts.framework in Frameworks */,
				D4BEC82C1A86CEE0002B2AC2 /* Social.framework in Frameworks */,
				D49AB5201A86CCD700864398 /* libsqlite3.dylib in Frameworks */,
				D49AB51E1A86CCD100864398 /* libz.dylib in Frameworks */,
				D49AB51C1A86CCC700864398 /* SystemConfiguration.framework in Frameworks */,
				D49AB51A1A86CCC000864398 /* StoreKit.framework in Frameworks */,
				D49AB5181A86CCBC00864398 /* Security.framework in Frameworks */,
				D49AB5161A86CCB600864398 /* QuartzCore.framework in Frameworks */,
				D49AB5141A86CCB100864398 /* MobileCoreServices.framework in Frameworks */,
				D49AB5121A86CCAD00864398 /* CoreLocation.framework in Frameworks */,
				D49AB5101A86CCA900864398 /* CoreGraphics.framework in Frameworks */,
				D49AB50E1A86CCA400864398 /* CFNetwork.framework in Frameworks */,
				D49AB50C1A86CCA000864398 /* AudioToolbox.framework in Frameworks */,
				EF3862027880A7BA95D1BB8C /* libPods.a in Frameworks */,
			);
			runOnlyForDeploymentPostprocessing = 0;
		};
		D49AB4F41A86CC1C00864398 /* Frameworks */ = {
			isa = PBXFrameworksBuildPhase;
			buildActionMask = 2147483647;
			files = (
			);
			runOnlyForDeploymentPostprocessing = 0;
		};
/* End PBXFrameworksBuildPhase section */

/* Begin PBXGroup section */
		170BEF40FCFEF78BEFC7810D /* Frameworks */ = {
			isa = PBXGroup;
			children = (
				D49AB51F1A86CCD700864398 /* libsqlite3.dylib */,
				D49AB51D1A86CCD100864398 /* libz.dylib */,
				D49AB51B1A86CCC700864398 /* SystemConfiguration.framework */,
				D49AB5191A86CCC000864398 /* StoreKit.framework */,
				D49AB5171A86CCBC00864398 /* Security.framework */,
				D49AB5151A86CCB600864398 /* QuartzCore.framework */,
				D49AB5131A86CCB100864398 /* MobileCoreServices.framework */,
				D49AB5111A86CCAD00864398 /* CoreLocation.framework */,
				D49AB50F1A86CCA900864398 /* CoreGraphics.framework */,
				D49AB50D1A86CCA400864398 /* CFNetwork.framework */,
				D49AB50B1A86CCA000864398 /* AudioToolbox.framework */,
				D4BEC82D1A86CF09002B2AC2 /* Accounts.framework */,
				D4BEC82B1A86CEE0002B2AC2 /* Social.framework */,
				28FBB73AD9A021DDFB50E9CB /* libPods.a */,
			);
			name = Frameworks;
			sourceTree = "<group>";
		};
		5425CD1A97DF46710499E0B2 /* Pods */ = {
			isa = PBXGroup;
			children = (
				74B47CF4B0249FAE311C0DC6 /* Pods.debug.xcconfig */,
				6796D40A5FB4E586D2EE9C1F /* Pods.release.xcconfig */,
			);
			name = Pods;
			sourceTree = "<group>";
		};
		D49AB4D51A86CC1C00864398 = {
			isa = PBXGroup;
			children = (
				D4BEC8581A8A9F18002B2AC2 /* Resources */,
				D49AB4E01A86CC1C00864398 /* Split */,
				D49AB4FA1A86CC1C00864398 /* SplitTests */,
				D49AB4DF1A86CC1C00864398 /* Products */,
				5425CD1A97DF46710499E0B2 /* Pods */,
				170BEF40FCFEF78BEFC7810D /* Frameworks */,
			);
			sourceTree = "<group>";
		};
		D49AB4DF1A86CC1C00864398 /* Products */ = {
			isa = PBXGroup;
			children = (
				D49AB4DE1A86CC1C00864398 /* Split.app */,
				D49AB4F71A86CC1C00864398 /* SplitTests.xctest */,
			);
			name = Products;
			sourceTree = "<group>";
		};
		D49AB4E01A86CC1C00864398 /* Split */ = {
			isa = PBXGroup;
			children = (
				D4BEC8551A89A9AB002B2AC2 /* UserDetailsViewController.h */,
				D4BEC8561A89A9AB002B2AC2 /* UserDetailsViewController.m */,
				D49AB4E51A86CC1C00864398 /* AppDelegate.h */,
				D49AB4E61A86CC1C00864398 /* AppDelegate.m */,
				D49AB4E81A86CC1C00864398 /* ViewController.h */,
				D49AB4E91A86CC1C00864398 /* ViewController.m */,
				D49AB4EB1A86CC1C00864398 /* Main.storyboard */,
				D4BEC8521A89A5FB002B2AC2 /* LoginViewController.h */,
				D4BEC8531A89A5FB002B2AC2 /* LoginViewController.m */,
				D4E5841A1A99A31D00078A8E /* MeallListTableTableViewController.h */,
				D4E5841B1A99A31D00078A8E /* MeallListTableTableViewController.m */,
				D49AB4EE1A86CC1C00864398 /* Images.xcassets */,
				D49AB4F01A86CC1C00864398 /* LaunchScreen.xib */,
				D49AB4E11A86CC1C00864398 /* Supporting Files */,
			);
			path = Split;
			sourceTree = "<group>";
		};
		D49AB4E11A86CC1C00864398 /* Supporting Files */ = {
			isa = PBXGroup;
			children = (
				D49AB4E21A86CC1C00864398 /* Info.plist */,
				D49AB4E31A86CC1C00864398 /* main.m */,
			);
			name = "Supporting Files";
			sourceTree = "<group>";
		};
		D49AB4FA1A86CC1C00864398 /* SplitTests */ = {
			isa = PBXGroup;
			children = (
				D49AB4FD1A86CC1C00864398 /* SplitTests.m */,
				D49AB4FB1A86CC1C00864398 /* Supporting Files */,
			);
			path = SplitTests;
			sourceTree = "<group>";
		};
		D49AB4FB1A86CC1C00864398 /* Supporting Files */ = {
			isa = PBXGroup;
			children = (
				D49AB4FC1A86CC1C00864398 /* Info.plist */,
			);
			name = "Supporting Files";
			sourceTree = "<group>";
		};
		D4BEC8581A8A9F18002B2AC2 /* Resources */ = {
			isa = PBXGroup;
			children = (
				D4BEC86F1A8AA864002B2AC2 /* UserDetailsViewController.xib */,
				D4BEC85D1A8AA0F9002B2AC2 /* Default-568h@2x.png */,
				D4BEC85E1A8AA0F9002B2AC2 /* Default.png */,
				D4BEC85F1A8AA0F9002B2AC2 /* Default@2x.png */,
				D4BEC8601A8AA0F9002B2AC2 /* Icon.png */,
				D4BEC8611A8AA0F9002B2AC2 /* Icon@2x.png */,
				D4BEC8621A8AA0F9002B2AC2 /* login-button-small-pressed.png */,
				D4BEC8631A8AA0F9002B2AC2 /* login-button-small-pressed@2x.png */,
				D4BEC8641A8AA0F9002B2AC2 /* login-button-small.png */,
				D4E5841C1A99A31D00078A8E /* MeallListTableTableViewController.xib */,
				D4BEC8651A8AA0F9002B2AC2 /* login-button-small@2x.png */,
				D4BEC8591A8A9F2A002B2AC2 /* LoginViewController.xib */,
				D4BEC85A1A8A9F2A002B2AC2 /* TableHeaderView.xib */,
			);
			name = Resources;
			sourceTree = "<group>";
		};
/* End PBXGroup section */

/* Begin PBXNativeTarget section */
		D49AB4DD1A86CC1C00864398 /* Split */ = {
			isa = PBXNativeTarget;
			buildConfigurationList = D49AB5011A86CC1C00864398 /* Build configuration list for PBXNativeTarget "Split" */;
			buildPhases = (
				CC26AA36DEC7BAD1CEA43576 /* Check Pods Manifest.lock */,
				D49AB4DA1A86CC1C00864398 /* Sources */,
				D49AB4DB1A86CC1C00864398 /* Frameworks */,
				D49AB4DC1A86CC1C00864398 /* Resources */,
				716A1AE44FCDA30C2361CC94 /* Copy Pods Resources */,
			);
			buildRules = (
			);
			dependencies = (
			);
			name = Split;
			productName = Split;
			productReference = D49AB4DE1A86CC1C00864398 /* Split.app */;
			productType = "com.apple.product-type.application";
		};
		D49AB4F61A86CC1C00864398 /* SplitTests */ = {
			isa = PBXNativeTarget;
			buildConfigurationList = D49AB5041A86CC1C00864398 /* Build configuration list for PBXNativeTarget "SplitTests" */;
			buildPhases = (
				D49AB4F31A86CC1C00864398 /* Sources */,
				D49AB4F41A86CC1C00864398 /* Frameworks */,
				D49AB4F51A86CC1C00864398 /* Resources */,
			);
			buildRules = (
			);
			dependencies = (
				D49AB4F91A86CC1C00864398 /* PBXTargetDependency */,
			);
			name = SplitTests;
			productName = SplitTests;
			productReference = D49AB4F71A86CC1C00864398 /* SplitTests.xctest */;
			productType = "com.apple.product-type.bundle.unit-test";
		};
/* End PBXNativeTarget section */

/* Begin PBXProject section */
		D49AB4D61A86CC1C00864398 /* Project object */ = {
			isa = PBXProject;
			attributes = {
				LastUpgradeCheck = 0610;
				ORGANIZATIONNAME = "Nishad Singh";
				TargetAttributes = {
					D49AB4DD1A86CC1C00864398 = {
						CreatedOnToolsVersion = 6.1.1;
						DevelopmentTeam = 95HGQ34QQA;
					};
					D49AB4F61A86CC1C00864398 = {
						CreatedOnToolsVersion = 6.1.1;
						TestTargetID = D49AB4DD1A86CC1C00864398;
					};
				};
			};
			buildConfigurationList = D49AB4D91A86CC1C00864398 /* Build configuration list for PBXProject "Split" */;
			compatibilityVersion = "Xcode 3.2";
			developmentRegion = English;
			hasScannedForEncodings = 0;
			knownRegions = (
				en,
				Base,
			);
			mainGroup = D49AB4D51A86CC1C00864398;
			productRefGroup = D49AB4DF1A86CC1C00864398 /* Products */;
			projectDirPath = "";
			projectRoot = "";
			targets = (
				D49AB4DD1A86CC1C00864398 /* Split */,
				D49AB4F61A86CC1C00864398 /* SplitTests */,
			);
		};
/* End PBXProject section */

/* Begin PBXResourcesBuildPhase section */
		D49AB4DC1A86CC1C00864398 /* Resources */ = {
			isa = PBXResourcesBuildPhase;
			buildActionMask = 2147483647;
			files = (
				D4BEC8691A8AA0F9002B2AC2 /* Icon.png in Resources */,
				D4BEC86B1A8AA0F9002B2AC2 /* login-button-small-pressed.png in Resources */,
				D4BEC8681A8AA0F9002B2AC2 /* Default@2x.png in Resources */,
				D4BEC85B1A8A9F2A002B2AC2 /* LoginViewController.xib in Resources */,
				D49AB4ED1A86CC1C00864398 /* Main.storyboard in Resources */,
				D4BEC8701A8AA864002B2AC2 /* UserDetailsViewController.xib in Resources */,
				D49AB4F21A86CC1C00864398 /* LaunchScreen.xib in Resources */,
				D4BEC85C1A8A9F2A002B2AC2 /* TableHeaderView.xib in Resources */,
				D4BEC86D1A8AA0F9002B2AC2 /* login-button-small.png in Resources */,
				D4BEC86C1A8AA0F9002B2AC2 /* login-button-small-pressed@2x.png in Resources */,
				D4BEC8671A8AA0F9002B2AC2 /* Default.png in Resources */,
				D49AB4EF1A86CC1C00864398 /* Images.xcassets in Resources */,
				D4E5841E1A99A31D00078A8E /* MeallListTableTableViewController.xib in Resources */,
				D4BEC8661A8AA0F9002B2AC2 /* Default-568h@2x.png in Resources */,
				D4BEC86E1A8AA0F9002B2AC2 /* login-button-small@2x.png in Resources */,
				D4BEC86A1A8AA0F9002B2AC2 /* Icon@2x.png in Resources */,
			);
			runOnlyForDeploymentPostprocessing = 0;
		};
		D49AB4F51A86CC1C00864398 /* Resources */ = {
			isa = PBXResourcesBuildPhase;
			buildActionMask = 2147483647;
			files = (
			);
			runOnlyForDeploymentPostprocessing = 0;
		};
/* End PBXResourcesBuildPhase section */

/* Begin PBXShellScriptBuildPhase section */
		716A1AE44FCDA30C2361CC94 /* Copy Pods Resources */ = {
			isa = PBXShellScriptBuildPhase;
			buildActionMask = 2147483647;
			files = (
			);
			inputPaths = (
			);
			name = "Copy Pods Resources";
			outputPaths = (
			);
			runOnlyForDeploymentPostprocessing = 0;
			shellPath = /bin/sh;
			shellScript = "\"${SRCROOT}/Pods/Target Support Files/Pods/Pods-resources.sh\"\n";
			showEnvVarsInLog = 0;
		};
		CC26AA36DEC7BAD1CEA43576 /* Check Pods Manifest.lock */ = {
			isa = PBXShellScriptBuildPhase;
			buildActionMask = 2147483647;
			files = (
			);
			inputPaths = (
			);
			name = "Check Pods Manifest.lock";
			outputPaths = (
			);
			runOnlyForDeploymentPostprocessing = 0;
			shellPath = /bin/sh;
			shellScript = "diff \"${PODS_ROOT}/../Podfile.lock\" \"${PODS_ROOT}/Manifest.lock\" > /dev/null\nif [[ $? != 0 ]] ; then\n    cat << EOM\nerror: The sandbox is not in sync with the Podfile.lock. Run 'pod install' or update your CocoaPods installation.\nEOM\n    exit 1\nfi\n";
			showEnvVarsInLog = 0;
		};
/* End PBXShellScriptBuildPhase section */

/* Begin PBXSourcesBuildPhase section */
		D49AB4DA1A86CC1C00864398 /* Sources */ = {
			isa = PBXSourcesBuildPhase;
			buildActionMask = 2147483647;
			files = (
				D4E5841D1A99A31D00078A8E /* MeallListTableTableViewController.m in Sources */,
				D4BEC8541A89A5FB002B2AC2 /* LoginViewController.m in Sources */,
				D49AB4EA1A86CC1C00864398 /* ViewController.m in Sources */,
				D49AB4E71A86CC1C00864398 /* AppDelegate.m in Sources */,
				D4BEC8571A89A9AB002B2AC2 /* UserDetailsViewController.m in Sources */,
				D49AB4E41A86CC1C00864398 /* main.m in Sources */,
			);
			runOnlyForDeploymentPostprocessing = 0;
		};
		D49AB4F31A86CC1C00864398 /* Sources */ = {
			isa = PBXSourcesBuildPhase;
			buildActionMask = 2147483647;
			files = (
				D49AB4FE1A86CC1C00864398 /* SplitTests.m in Sources */,
			);
			runOnlyForDeploymentPostprocessing = 0;
		};
/* End PBXSourcesBuildPhase section */

/* Begin PBXTargetDependency section */
		D49AB4F91A86CC1C00864398 /* PBXTargetDependency */ = {
			isa = PBXTargetDependency;
			target = D49AB4DD1A86CC1C00864398 /* Split */;
			targetProxy = D49AB4F81A86CC1C00864398 /* PBXContainerItemProxy */;
		};
/* End PBXTargetDependency section */

/* Begin PBXVariantGroup section */
		D49AB4EB1A86CC1C00864398 /* Main.storyboard */ = {
			isa = PBXVariantGroup;
			children = (
				D49AB4EC1A86CC1C00864398 /* Base */,
			);
			name = Main.storyboard;
			sourceTree = "<group>";
		};
		D49AB4F01A86CC1C00864398 /* LaunchScreen.xib */ = {
			isa = PBXVariantGroup;
			children = (
				D49AB4F11A86CC1C00864398 /* Base */,
			);
			name = LaunchScreen.xib;
			sourceTree = "<group>";
		};
/* End PBXVariantGroup section */

/* Begin XCBuildConfiguration section */
		D49AB4FF1A86CC1C00864398 /* Debug */ = {
			isa = XCBuildConfiguration;
			buildSettings = {
				ALWAYS_SEARCH_USER_PATHS = NO;
				CLANG_CXX_LANGUAGE_STANDARD = "gnu++0x";
				CLANG_CXX_LIBRARY = "libc++";
				CLANG_ENABLE_MODULES = YES;
				CLANG_ENABLE_OBJC_ARC = YES;
				CLANG_WARN_BOOL_CONVERSION = YES;
				CLANG_WARN_CONSTANT_CONVERSION = YES;
				CLANG_WARN_DIRECT_OBJC_ISA_USAGE = YES_ERROR;
				CLANG_WARN_EMPTY_BODY = YES;
				CLANG_WARN_ENUM_CONVERSION = YES;
				CLANG_WARN_INT_CONVERSION = YES;
				CLANG_WARN_OBJC_ROOT_CLASS = YES_ERROR;
				CLANG_WARN_UNREACHABLE_CODE = YES;
				CLANG_WARN__DUPLICATE_METHOD_MATCH = YES;
				"CODE_SIGN_IDENTITY[sdk=iphoneos*]" = "iPhone Developer";
				COPY_PHASE_STRIP = NO;
				ENABLE_STRICT_OBJC_MSGSEND = YES;
				GCC_C_LANGUAGE_STANDARD = gnu99;
				GCC_DYNAMIC_NO_PIC = NO;
				GCC_OPTIMIZATION_LEVEL = 0;
				GCC_PREPROCESSOR_DEFINITIONS = (
					"DEBUG=1",
					"$(inherited)",
				);
				GCC_SYMBOLS_PRIVATE_EXTERN = NO;
				GCC_WARN_64_TO_32_BIT_CONVERSION = YES;
				GCC_WARN_ABOUT_RETURN_TYPE = YES_ERROR;
				GCC_WARN_UNDECLARED_SELECTOR = YES;
				GCC_WARN_UNINITIALIZED_AUTOS = YES_AGGRESSIVE;
				GCC_WARN_UNUSED_FUNCTION = YES;
				GCC_WARN_UNUSED_VARIABLE = YES;
				IPHONEOS_DEPLOYMENT_TARGET = 8.1;
				MTL_ENABLE_DEBUG_INFO = YES;
				ONLY_ACTIVE_ARCH = YES;
				SDKROOT = iphoneos;
			};
			name = Debug;
		};
		D49AB5001A86CC1C00864398 /* Release */ = {
			isa = XCBuildConfiguration;
			buildSettings = {
				ALWAYS_SEARCH_USER_PATHS = NO;
				CLANG_CXX_LANGUAGE_STANDARD = "gnu++0x";
				CLANG_CXX_LIBRARY = "libc++";
				CLANG_ENABLE_MODULES = YES;
				CLANG_ENABLE_OBJC_ARC = YES;
				CLANG_WARN_BOOL_CONVERSION = YES;
				CLANG_WARN_CONSTANT_CONVERSION = YES;
				CLANG_WARN_DIRECT_OBJC_ISA_USAGE = YES_ERROR;
				CLANG_WARN_EMPTY_BODY = YES;
				CLANG_WARN_ENUM_CONVERSION = YES;
				CLANG_WARN_INT_CONVERSION = YES;
				CLANG_WARN_OBJC_ROOT_CLASS = YES_ERROR;
				CLANG_WARN_UNREACHABLE_CODE = YES;
				CLANG_WARN__DUPLICATE_METHOD_MATCH = YES;
				"CODE_SIGN_IDENTITY[sdk=iphoneos*]" = "iPhone Developer";
				COPY_PHASE_STRIP = YES;
				ENABLE_NS_ASSERTIONS = NO;
				ENABLE_STRICT_OBJC_MSGSEND = YES;
				GCC_C_LANGUAGE_STANDARD = gnu99;
				GCC_WARN_64_TO_32_BIT_CONVERSION = YES;
				GCC_WARN_ABOUT_RETURN_TYPE = YES_ERROR;
				GCC_WARN_UNDECLARED_SELECTOR = YES;
				GCC_WARN_UNINITIALIZED_AUTOS = YES_AGGRESSIVE;
				GCC_WARN_UNUSED_FUNCTION = YES;
				GCC_WARN_UNUSED_VARIABLE = YES;
				IPHONEOS_DEPLOYMENT_TARGET = 8.1;
				MTL_ENABLE_DEBUG_INFO = NO;
				SDKROOT = iphoneos;
				VALIDATE_PRODUCT = YES;
			};
			name = Release;
		};
		D49AB5021A86CC1C00864398 /* Debug */ = {
			isa = XCBuildConfiguration;
			baseConfigurationReference = 74B47CF4B0249FAE311C0DC6 /* Pods.debug.xcconfig */;
			buildSettings = {
				ASSETCATALOG_COMPILER_APPICON_NAME = AppIcon;
				FRAMEWORK_SEARCH_PATHS = (
					"$(inherited)",
					"$(PROJECT_DIR)/Split",
					"$(PROJECT_DIR)",
				);
				INFOPLIST_FILE = Split/Info.plist;
				LD_RUNPATH_SEARCH_PATHS = "$(inherited) @executable_path/Frameworks";
				PRODUCT_NAME = "$(TARGET_NAME)";
			};
			name = Debug;
		};
		D49AB5031A86CC1C00864398 /* Release */ = {
			isa = XCBuildConfiguration;
			baseConfigurationReference = 6796D40A5FB4E586D2EE9C1F /* Pods.release.xcconfig */;
			buildSettings = {
				ASSETCATALOG_COMPILER_APPICON_NAME = AppIcon;
				FRAMEWORK_SEARCH_PATHS = (
					"$(inherited)",
					"$(PROJECT_DIR)/Split",
					"$(PROJECT_DIR)",
				);
				INFOPLIST_FILE = Split/Info.plist;
				LD_RUNPATH_SEARCH_PATHS = "$(inherited) @executable_path/Frameworks";
				PRODUCT_NAME = "$(TARGET_NAME)";
			};
			name = Release;
		};
		D49AB5051A86CC1C00864398 /* Debug */ = {
			isa = XCBuildConfiguration;
			buildSettings = {
				BUNDLE_LOADER = "$(TEST_HOST)";
				FRAMEWORK_SEARCH_PATHS = (
					"$(SDKROOT)/Developer/Library/Frameworks",
					"$(inherited)",
				);
				GCC_PREPROCESSOR_DEFINITIONS = (
					"DEBUG=1",
					"$(inherited)",
				);
				INFOPLIST_FILE = SplitTests/Info.plist;
				LD_RUNPATH_SEARCH_PATHS = "$(inherited) @executable_path/Frameworks @loader_path/Frameworks";
				PRODUCT_NAME = "$(TARGET_NAME)";
				TEST_HOST = "$(BUILT_PRODUCTS_DIR)/Split.app/Split";
			};
			name = Debug;
		};
		D49AB5061A86CC1C00864398 /* Release */ = {
			isa = XCBuildConfiguration;
			buildSettings = {
				BUNDLE_LOADER = "$(TEST_HOST)";
				FRAMEWORK_SEARCH_PATHS = (
					"$(SDKROOT)/Developer/Library/Frameworks",
					"$(inherited)",
				);
				INFOPLIST_FILE = SplitTests/Info.plist;
				LD_RUNPATH_SEARCH_PATHS = "$(inherited) @executable_path/Frameworks @loader_path/Frameworks";
				PRODUCT_NAME = "$(TARGET_NAME)";
				TEST_HOST = "$(BUILT_PRODUCTS_DIR)/Split.app/Split";
			};
			name = Release;
		};
/* End XCBuildConfiguration section */

/* Begin XCConfigurationList section */
		D49AB4D91A86CC1C00864398 /* Build configuration list for PBXProject "Split" */ = {
			isa = XCConfigurationList;
			buildConfigurations = (
				D49AB4FF1A86CC1C00864398 /* Debug */,
				D49AB5001A86CC1C00864398 /* Release */,
			);
			defaultConfigurationIsVisible = 0;
			defaultConfigurationName = Release;
		};
		D49AB5011A86CC1C00864398 /* Build configuration list for PBXNativeTarget "Split" */ = {
			isa = XCConfigurationList;
			buildConfigurations = (
				D49AB5021A86CC1C00864398 /* Debug */,
				D49AB5031A86CC1C00864398 /* Release */,
			);
			defaultConfigurationIsVisible = 0;
			defaultConfigurationName = Release;
		};
		D49AB5041A86CC1C00864398 /* Build configuration list for PBXNativeTarget "SplitTests" */ = {
			isa = XCConfigurationList;
			buildConfigurations = (
				D49AB5051A86CC1C00864398 /* Debug */,
				D49AB5061A86CC1C00864398 /* Release */,
			);
			defaultConfigurationIsVisible = 0;
			defaultConfigurationName = Release;
		};
/* End XCConfigurationList section */
	};
	rootObject = D49AB4D61A86CC1C00864398 /* Project object */;
}
